
Microsoft Visual Studio Solution File, Format Version 12.00
# Visual Studio 15
Project("{FAE04EC0-301F-11D3-BF4B-00C04F79EFBC}") = "Assembly-CSharp", "Assembly-CSharp.csproj", "{3B1DA34C-32C9-690D-3D51-E10581E6868B}"
EndProject
Global
	GlobalSection(SolutionConfigurationPlatforms) = preSolution
		Debug|Any CPU = Debug|Any CPU
		Release|Any CPU = Release|Any CPU
	EndGlobalSection
	GlobalSection(ProjectConfigurationPlatforms) = postSolution
		{3B1DA34C-32C9-690D-3D51-E10581E6868B}.Debug|Any CPU.ActiveCfg = Debug|Any CPU
		{3B1DA34C-32C9-690D-3D51-E10581E6868B}.Debug|Any CPU.Build.0 = Debug|Any CPU
		{3B1DA34C-32C9-690D-3D51-E10581E6868B}.Release|Any CPU.ActiveCfg = Release|Any CPU
		{3B1DA34C-32C9-690D-3D51-E10581E6868B}.Release|Any CPU.Build.0 = Release|Any CPU
	EndGlobalSection
	GlobalSection(SolutionProperties) = preSolution
		HideSolutionNode = FALSE
	EndGlobalSection
EndGlobal
